// !$*UTF8*$!
{
	archiveVersion = 1;
	classes = {
	};
	objectVersion = 55;
	objects = {

/* Begin PBXBuildFile section */
		1003EBF7278D7C0500172C84 /* AppDelegate.swift in Sources */ = {isa = PBXBuildFile; fileRef = 1003EBF6278D7C0500172C84 /* AppDelegate.swift */; };
		1003EBF9278D7C0500172C84 /* SceneDelegate.swift in Sources */ = {isa = PBXBuildFile; fileRef = 1003EBF8278D7C0500172C84 /* SceneDelegate.swift */; };
		1003EBFB278D7C0500172C84 /* RandomSpringViewController.swift in Sources */ = {isa = PBXBuildFile; fileRef = 1003EBFA278D7C0500172C84 /* RandomSpringViewController.swift */; };
		1003EBFE278D7C0500172C84 /* Main.storyboard in Resources */ = {isa = PBXBuildFile; fileRef = 1003EBFC278D7C0500172C84 /* Main.storyboard */; };
		1003EC00278D7C0500172C84 /* Assets.xcassets in Resources */ = {isa = PBXBuildFile; fileRef = 1003EBFF278D7C0500172C84 /* Assets.xcassets */; };
		1003EC03278D7C0500172C84 /* LaunchScreen.storyboard in Resources */ = {isa = PBXBuildFile; fileRef = 1003EC01278D7C0500172C84 /* LaunchScreen.storyboard */; };
		10578779278F4FBE00810D69 /* RandomAnimate.swift in Sources */ = {isa = PBXBuildFile; fileRef = 10578778278F4FBE00810D69 /* RandomAnimate.swift */; };
		D794988F222E63B14B8D9066 /* Pods_SpringRandomAnimate.framework in Frameworks */ = {isa = PBXBuildFile; fileRef = 36548FE40A990B7787E7F0BF /* Pods_SpringRandomAnimate.framework */; };
/* End PBXBuildFile section */

/* Begin PBXFileReference section */
		1003EBF3278D7C0500172C84 /* SpringRandomAnimate.app */ = {isa = PBXFileReference; explicitFileType = wrapper.application; includeInIndex = 0; path = SpringRandomAnimate.app; sourceTree = BUILT_PRODUCTS_DIR; };
		1003EBF6278D7C0500172C84 /* AppDelegate.swift */ = {isa = PBXFileReference; lastKnownFileType = sourcecode.swift; path = AppDelegate.swift; sourceTree = "<group>"; };
		1003EBF8278D7C0500172C84 /* SceneDelegate.swift */ = {isa = PBXFileReference; lastKnownFileType = sourcecode.swift; path = SceneDelegate.swift; sourceTree = "<group>"; };
		1003EBFA278D7C0500172C84 /* RandomSpringViewController.swift */ = {isa = PBXFileReference; lastKnownFileType = sourcecode.swift; path = RandomSpringViewController.swift; sourceTree = "<group>"; };
		1003EBFD278D7C0500172C84 /* Base */ = {isa = PBXFileReference; lastKnownFileType = file.storyboard; name = Base; path = Base.lproj/Main.storyboard; sourceTree = "<group>"; };
		1003EBFF278D7C0500172C84 /* Assets.xcassets */ = {isa = PBXFileReference; lastKnownFileType = folder.assetcatalog; path = Assets.xcassets; sourceTree = "<group>"; };
		1003EC02278D7C0500172C84 /* Base */ = {isa = PBXFileReference; lastKnownFileType = file.storyboard; name = Base; path = Base.lproj/LaunchScreen.storyboard; sourceTree = "<group>"; };
		1003EC04278D7C0500172C84 /* Info.plist */ = {isa = PBXFileReference; lastKnownFileType = text.plist.xml; path = Info.plist; sourceTree = "<group>"; };
		10578778278F4FBE00810D69 /* RandomAnimate.swift */ = {isa = PBXFileReference; lastKnownFileType = sourcecode.swift; path = RandomAnimate.swift; sourceTree = "<group>"; };
		3328862811AAC1EF3AE9064B /* Pods-SpringRandomAnimate.release.xcconfig */ = {isa = PBXFileReference; includeInIndex = 1; lastKnownFileType = text.xcconfig; name = "Pods-SpringRandomAnimate.release.xcconfig"; path = "Target Support Files/Pods-SpringRandomAnimate/Pods-SpringRandomAnimate.release.xcconfig"; sourceTree = "<group>"; };
		36548FE40A990B7787E7F0BF /* Pods_SpringRandomAnimate.framework */ = {isa = PBXFileReference; explicitFileType = wrapper.framework; includeInIndex = 0; path = Pods_SpringRandomAnimate.framework; sourceTree = BUILT_PRODUCTS_DIR; };
		7F350C5D88AC42EEE6CCE1C1 /* Pods-SpringRandomAnimate.debug.xcconfig */ = {isa = PBXFileReference; includeInIndex = 1; lastKnownFileType = text.xcconfig; name = "Pods-SpringRandomAnimate.debug.xcconfig"; path = "Target Support Files/Pods-SpringRandomAnimate/Pods-SpringRandomAnimate.debug.xcconfig"; sourceTree = "<group>"; };
/* End PBXFileReference section */

/* Begin PBXFrameworksBuildPhase section */
		1003EBF0278D7C0500172C84 /* Frameworks */ = {
			isa = PBXFrameworksBuildPhase;
			buildActionMask = 2147483647;
			files = (
				D794988F222E63B14B8D9066 /* Pods_SpringRandomAnimate.framework in Frameworks */,
			);
			runOnlyForDeploymentPostprocessing = 0;
		};
/* End PBXFrameworksBuildPhase section */

/* Begin PBXGroup section */
		1003EBEA278D7C0500172C84 = {
			isa = PBXGroup;
			children = (
				1003EBF5278D7C0500172C84 /* SpringRandomAnimate */,
				1003EBF4278D7C0500172C84 /* Products */,
				44D5F04348EB5673A95FEC8D /* Pods */,
				43964E831466FE70EE55FCB1 /* Frameworks */,
			);
			sourceTree = "<group>";
		};
		1003EBF4278D7C0500172C84 /* Products */ = {
			isa = PBXGroup;
			children = (
				1003EBF3278D7C0500172C84 /* SpringRandomAnimate.app */,
			);
			name = Products;
			sourceTree = "<group>";
		};
		1003EBF5278D7C0500172C84 /* SpringRandomAnimate */ = {
			isa = PBXGroup;
			children = (
				10578777278F4EEE00810D69 /* SupportFiles */,
				10578775278F4E7300810D69 /* Models */,
				10578774278F4E6A00810D69 /* Views */,
				10578773278F4E5B00810D69 /* Controllers */,
			);
			path = SpringRandomAnimate;
			sourceTree = "<group>";
		};
		10578773278F4E5B00810D69 /* Controllers */ = {
			isa = PBXGroup;
			children = (
				1003EBFA278D7C0500172C84 /* RandomSpringViewController.swift */,
			);
			path = Controllers;
			sourceTree = "<group>";
		};
		10578774278F4E6A00810D69 /* Views */ = {
			isa = PBXGroup;
			children = (
				1003EBFC278D7C0500172C84 /* Main.storyboard */,
			);
			path = Views;
			sourceTree = "<group>";
		};
		10578775278F4E7300810D69 /* Models */ = {
			isa = PBXGroup;
			children = (
				10578778278F4FBE00810D69 /* RandomAnimate.swift */,
			);
			path = Models;
			sourceTree = "<group>";
		};
		10578777278F4EEE00810D69 /* SupportFiles */ = {
			isa = PBXGroup;
			children = (
				1003EC01278D7C0500172C84 /* LaunchScreen.storyboard */,
				1003EC04278D7C0500172C84 /* Info.plist */,
				1003EBFF278D7C0500172C84 /* Assets.xcassets */,
				1003EBF6278D7C0500172C84 /* AppDelegate.swift */,
				1003EBF8278D7C0500172C84 /* SceneDelegate.swift */,
			);
			path = SupportFiles;
			sourceTree = "<group>";
		};
		43964E831466FE70EE55FCB1 /* Frameworks */ = {
			isa = PBXGroup;
			children = (
				36548FE40A990B7787E7F0BF /* Pods_SpringRandomAnimate.framework */,
			);
			name = Frameworks;
			sourceTree = "<group>";
		};
		44D5F04348EB5673A95FEC8D /* Pods */ = {
			isa = PBXGroup;
			children = (
				7F350C5D88AC42EEE6CCE1C1 /* Pods-SpringRandomAnimate.debug.xcconfig */,
				3328862811AAC1EF3AE9064B /* Pods-SpringRandomAnimate.release.xcconfig */,
			);
			path = Pods;
			sourceTree = "<group>";
		};
/* End PBXGroup section */

/* Begin PBXNativeTarget section */
		1003EBF2278D7C0500172C84 /* SpringRandomAnimate */ = {
			isa = PBXNativeTarget;
			buildConfigurationList = 1003EC07278D7C0500172C84 /* Build configuration list for PBXNativeTarget "SpringRandomAnimate" */;
			buildPhases = (
				53B5043DC445E9F3BF52B19D /* [CP] Check Pods Manifest.lock */,
				1003EBEF278D7C0500172C84 /* Sources */,
				1003EBF0278D7C0500172C84 /* Frameworks */,
				1003EBF1278D7C0500172C84 /* Resources */,
				B7108B2F7510C5E4D266DD17 /* [CP] Embed Pods Frameworks */,
			);
			buildRules = (
			);
			dependencies = (
			);
			name = SpringRandomAnimate;
			productName = SpringRandomAnimate;
			productReference = 1003EBF3278D7C0500172C84 /* SpringRandomAnimate.app */;
			productType = "com.apple.product-type.application";
		};
/* End PBXNativeTarget section */

/* Begin PBXProject section */
		1003EBEB278D7C0500172C84 /* Project object */ = {
			isa = PBXProject;
			attributes = {
				BuildIndependentTargetsInParallel = 1;
				LastSwiftUpdateCheck = 1320;
				LastUpgradeCheck = 1320;
				TargetAttributes = {
					1003EBF2278D7C0500172C84 = {
						CreatedOnToolsVersion = 13.2.1;
					};
				};
			};
			buildConfigurationList = 1003EBEE278D7C0500172C84 /* Build configuration list for PBXProject "SpringRandomAnimate" */;
			compatibilityVersion = "Xcode 13.0";
			developmentRegion = en;
			hasScannedForEncodings = 0;
			knownRegions = (
				en,
				Base,
			);
			mainGroup = 1003EBEA278D7C0500172C84;
			productRefGroup = 1003EBF4278D7C0500172C84 /* Products */;
			projectDirPath = "";
			projectRoot = "";
			targets = (
				1003EBF2278D7C0500172C84 /* SpringRandomAnimate */,
			);
		};
/* End PBXProject section */

/* Begin PBXResourcesBuildPhase section */
		1003EBF1278D7C0500172C84 /* Resources */ = {
			isa = PBXResourcesBuildPhase;
			buildActionMask = 2147483647;
			files = (
				1003EC03278D7C0500172C84 /* LaunchScreen.storyboard in Resources */,
				1003EC00278D7C0500172C84 /* Assets.xcassets in Resources */,
				1003EBFE278D7C0500172C84 /* Main.storyboard in Resources */,
			);
			runOnlyForDeploymentPostprocessing = 0;
		};
/* End PBXResourcesBuildPhase section */

/* Begin PBXShellScriptBuildPhase section */
		53B5043DC445E9F3BF52B19D /* [CP] Check Pods Manifest.lock */ = {
			isa = PBXShellScriptBuildPhase;
			buildActionMask = 2147483647;
			files = (
			);
			inputFileListPaths = (
			);
			inputPaths = (
				"${PODS_PODFILE_DIR_PATH}/Podfile.lock",
				"${PODS_ROOT}/Manifest.lock",
			);
			name = "[CP] Check Pods Manifest.lock";
			outputFileListPaths = (
			);
			outputPaths = (
				"$(DERIVED_FILE_DIR)/Pods-SpringRandomAnimate-checkManifestLockResult.txt",
			);
			runOnlyForDeploymentPostprocessing = 0;
			shellPath = /bin/sh;
			shellScript = "diff \"${PODS_PODFILE_DIR_PATH}/Podfile.lock\" \"${PODS_ROOT}/Manifest.lock\" > /dev/null\nif [ $? != 0 ] ; then\n    # print error to STDERR\n    echo \"error: The sandbox is not in sync with the Podfile.lock. Run 'pod install' or update your CocoaPods installation.\" >&2\n    exit 1\nfi\n# This output is used by Xcode 'outputs' to avoid re-running this script phase.\necho \"SUCCESS\" > \"${SCRIPT_OUTPUT_FILE_0}\"\n";
			showEnvVarsInLog = 0;
		};
		B7108B2F7510C5E4D266DD17 /* [CP] Embed Pods Frameworks */ = {
			isa = PBXShellScriptBuildPhase;
			buildActionMask = 2147483647;
			files = (
			);
			inputFileListPaths = (
				"${PODS_ROOT}/Target Support Files/Pods-SpringRandomAnimate/Pods-SpringRandomAnimate-frameworks-${CONFIGURATION}-input-files.xcfilelist",
			);
			name = "[CP] Embed Pods Frameworks";
			outputFileListPaths = (
				"${PODS_ROOT}/Target Support Files/Pods-SpringRandomAnimate/Pods-SpringRandomAnimate-frameworks-${CONFIGURATION}-output-files.xcfilelist",
			);
			runOnlyForDeploymentPostprocessing = 0;
			shellPath = /bin/sh;
			shellScript = "\"${PODS_ROOT}/Target Support Files/Pods-SpringRandomAnimate/Pods-SpringRandomAnimate-frameworks.sh\"\n";
			showEnvVarsInLog = 0;
		};
/* End PBXShellScriptBuildPhase section */

/* Begin PBXSourcesBuildPhase section */
		1003EBEF278D7C0500172C84 /* Sources */ = {
			isa = PBXSourcesBuildPhase;
			buildActionMask = 2147483647;
			files = (
				1003EBFB278D7C0500172C84 /* RandomSpringViewController.swift in Sources */,
				1003EBF7278D7C0500172C84 /* AppDelegate.swift in Sources */,
				10578779278F4FBE00810D69 /* RandomAnimate.swift in Sources */,
				1003EBF9278D7C0500172C84 /* SceneDelegate.swift in Sources */,
			);
			runOnlyForDeploymentPostprocessing = 0;
		};
/* End PBXSourcesBuildPhase section */

/* Begin PBXVariantGroup section */
		1003EBFC278D7C0500172C84 /* Main.storyboard */ = {
			isa = PBXVariantGroup;
			children = (
				1003EBFD278D7C0500172C84 /* Base */,
			);
			name = Main.storyboard;
			sourceTree = "<group>";
		};
		1003EC01278D7C0500172C84 /* LaunchScreen.storyboard */ = {
			isa = PBXVariantGroup;
			children = (
				1003EC02278D7C0500172C84 /* Base */,
			);
			name = LaunchScreen.storyboard;
			sourceTree = "<group>";
		};
/* End PBXVariantGroup section */

/* Begin XCBuildConfiguration section */
		1003EC05278D7C0500172C84 /* Debug */ = {
			isa = XCBuildConfiguration;
			buildSettings = {
				ALWAYS_SEARCH_USER_PATHS = NO;
				CLANG_ANALYZER_NONNULL = YES;
				CLANG_ANALYZER_NUMBER_OBJECT_CONVERSION = YES_AGGRESSIVE;
				CLANG_CXX_LANGUAGE_STANDARD = "gnu++17";
				CLANG_CXX_LIBRARY = "libc++";
				CLANG_ENABLE_MODULES = YES;
				CLANG_ENABLE_OBJC_ARC = YES;
				CLANG_ENABLE_OBJC_WEAK = YES;
				CLANG_WARN_BLOCK_CAPTURE_AUTORELEASING = YES;
				CLANG_WARN_BOOL_CONVERSION = YES;
				CLANG_WARN_COMMA = YES;
				CLANG_WARN_CONSTANT_CONVERSION = YES;
				CLANG_WARN_DEPRECATED_OBJC_IMPLEMENTATIONS = YES;
				CLANG_WARN_DIRECT_OBJC_ISA_USAGE = YES_ERROR;
				CLANG_WARN_DOCUMENTATION_COMMENTS = YES;
				CLANG_WARN_EMPTY_BODY = YES;
				CLANG_WARN_ENUM_CONVERSION = YES;
				CLANG_WARN_INFINITE_RECURSION = YES;
				CLANG_WARN_INT_CONVERSION = YES;
				CLANG_WARN_NON_LITERAL_NULL_CONVERSION = YES;
				CLANG_WARN_OBJC_IMPLICIT_RETAIN_SELF = YES;
				CLANG_WARN_OBJC_LITERAL_CONVERSION = YES;
				CLANG_WARN_OBJC_ROOT_CLASS = YES_ERROR;
				CLANG_WARN_QUOTED_INCLUDE_IN_FRAMEWORK_HEADER = YES;
				CLANG_WARN_RANGE_LOOP_ANALYSIS = YES;
				CLANG_WARN_STRICT_PROTOTYPES = YES;
				CLANG_WARN_SUSPICIOUS_MOVE = YES;
				CLANG_WARN_UNGUARDED_AVAILABILITY = YES_AGGRESSIVE;
				CLANG_WARN_UNREACHABLE_CODE = YES;
				CLANG_WARN__DUPLICATE_METHOD_MATCH = YES;
				COPY_PHASE_STRIP = NO;
				DEBUG_INFORMATION_FORMAT = dwarf;
				ENABLE_STRICT_OBJC_MSGSEND = YES;
				ENABLE_TESTABILITY = YES;
				GCC_C_LANGUAGE_STANDARD = gnu11;
				GCC_DYNAMIC_NO_PIC = NO;
				GCC_NO_COMMON_BLOCKS = YES;
				GCC_OPTIMIZATION_LEVEL = 0;
				GCC_PREPROCESSOR_DEFINITIONS = (
					"DEBUG=1",
					"$(inherited)",
				);
				GCC_WARN_64_TO_32_BIT_CONVERSION = YES;
				GCC_WARN_ABOUT_RETURN_TYPE = YES_ERROR;
				GCC_WARN_UNDECLARED_SELECTOR = YES;
				GCC_WARN_UNINITIALIZED_AUTOS = YES_AGGRESSIVE;
				GCC_WARN_UNUSED_FUNCTION = YES;
				GCC_WARN_UNUSED_VARIABLE = YES;
				IPHONEOS_DEPLOYMENT_TARGET = 15.2;
				MTL_ENABLE_DEBUG_INFO = INCLUDE_SOURCE;
				MTL_FAST_MATH = YES;
				ONLY_ACTIVE_ARCH = YES;
				SDKROOT = iphoneos;
				SWIFT_ACTIVE_COMPILATION_CONDITIONS = DEBUG;
				SWIFT_OPTIMIZATION_LEVEL = "-Onone";
			};
			name = Debug;
		};
		1003EC06278D7C0500172C84 /* Release */ = {
			isa = XCBuildConfiguration;
			buildSettings = {
				ALWAYS_SEARCH_USER_PATHS = NO;
				CLANG_ANALYZER_NONNULL = YES;
				CLANG_ANALYZER_NUMBER_OBJECT_CONVERSION = YES_AGGRESSIVE;
				CLANG_CXX_LANGUAGE_STANDARD = "gnu++17";
				CLANG_CXX_LIBRARY = "libc++";
				CLANG_ENABLE_MODULES = YES;
				CLANG_ENABLE_OBJC_ARC = YES;
				CLANG_ENABLE_OBJC_WEAK = YES;
				CLANG_WARN_BLOCK_CAPTURE_AUTORELEASING = YES;
				CLANG_WARN_BOOL_CONVERSION = YES;
				CLANG_WARN_COMMA = YES;
				CLANG_WARN_CONSTANT_CONVERSION = YES;
				CLANG_WARN_DEPRECATED_OBJC_IMPLEMENTATIONS = YES;
				CLANG_WARN_DIRECT_OBJC_ISA_USAGE = YES_ERROR;
				CLANG_WARN_DOCUMENTATION_COMMENTS = YES;
				CLANG_WARN_EMPTY_BODY = YES;
				CLANG_WARN_ENUM_CONVERSION = YES;
				CLANG_WARN_INFINITE_RECURSION = YES;
				CLANG_WARN_INT_CONVERSION = YES;
				CLANG_WARN_NON_LITERAL_NULL_CONVERSION = YES;
				CLANG_WARN_OBJC_IMPLICIT_RETAIN_SELF = YES;
				CLANG_WARN_OBJC_LITERAL_CONVERSION = YES;
				CLANG_WARN_OBJC_ROOT_CLASS = YES_ERROR;
				CLANG_WARN_QUOTED_INCLUDE_IN_FRAMEWORK_HEADER = YES;
				CLANG_WARN_RANGE_LOOP_ANALYSIS = YES;
				CLANG_WARN_STRICT_PROTOTYPES = YES;
				CLANG_WARN_SUSPICIOUS_MOVE = YES;
				CLANG_WARN_UNGUARDED_AVAILABILITY = YES_AGGRESSIVE;
				CLANG_WARN_UNREACHABLE_CODE = YES;
				CLANG_WARN__DUPLICATE_METHOD_MATCH = YES;
				COPY_PHASE_STRIP = NO;
				DEBUG_INFORMATION_FORMAT = "dwarf-with-dsym";
				ENABLE_NS_ASSERTIONS = NO;
				ENABLE_STRICT_OBJC_MSGSEND = YES;
				GCC_C_LANGUAGE_STANDARD = gnu11;
				GCC_NO_COMMON_BLOCKS = YES;
				GCC_WARN_64_TO_32_BIT_CONVERSION = YES;
				GCC_WARN_ABOUT_RETURN_TYPE = YES_ERROR;
				GCC_WARN_UNDECLARED_SELECTOR = YES;
				GCC_WARN_UNINITIALIZED_AUTOS = YES_AGGRESSIVE;
				GCC_WARN_UNUSED_FUNCTION = YES;
				GCC_WARN_UNUSED_VARIABLE = YES;
				IPHONEOS_DEPLOYMENT_TARGET = 15.2;
				MTL_ENABLE_DEBUG_INFO = NO;
				MTL_FAST_MATH = YES;
				SDKROOT = iphoneos;
				SWIFT_COMPILATION_MODE = wholemodule;
				SWIFT_OPTIMIZATION_LEVEL = "-O";
				VALIDATE_PRODUCT = YES;
			};
			name = Release;
		};
		1003EC08278D7C0500172C84 /* Debug */ = {
			isa = XCBuildConfiguration;
			baseConfigurationReference = 7F350C5D88AC42EEE6CCE1C1 /* Pods-SpringRandomAnimate.debug.xcconfig */;
			buildSettings = {
				ASSETCATALOG_COMPILER_APPICON_NAME = AppIcon;
				ASSETCATALOG_COMPILER_GLOBAL_ACCENT_COLOR_NAME = AccentColor;
				CODE_SIGN_STYLE = Automatic;
				CURRENT_PROJECT_VERSION = 1;
				DEVELOPMENT_TEAM = 69R52T495A;
				GENERATE_INFOPLIST_FILE = YES;
				INFOPLIST_FILE = SpringRandomAnimate/SupportFiles/Info.plist;
				INFOPLIST_KEY_UIApplicationSupportsIndirectInputEvents = YES;
				INFOPLIST_KEY_UILaunchStoryboardName = LaunchScreen;
				INFOPLIST_KEY_UIMainStoryboardFile = Main;
				INFOPLIST_KEY_UISupportedInterfaceOrientations = UIInterfaceOrientationPortrait;
				INFOPLIST_KEY_UISupportedInterfaceOrientations_iPad = "UIInterfaceOrientationPortrait UIInterfaceOrientationPortraitUpsideDown UIInterfaceOrientationLandscapeLeft UIInterfaceOrientationLandscapeRight";
				INFOPLIST_KEY_UISupportedInterfaceOrientations_iPhone = "UIInterfaceOrientationPortrait UIInterfaceOrientationLandscapeLeft UIInterfaceOrientationLandscapeRight";
				LD_RUNPATH_SEARCH_PATHS = (
					"$(inherited)",
					"@executable_path/Frameworks",
				);
				MARKETING_VERSION = 1.0;
				PRODUCT_BUNDLE_IDENTIFIER = "randomAnimate.bilarus-ilya.SpringRandomAnimate";
				PRODUCT_NAME = "$(TARGET_NAME)";
				SWIFT_EMIT_LOC_STRINGS = YES;
				SWIFT_VERSION = 5.0;
				TARGETED_DEVICE_FAMILY = "1,2";
			};
			name = Debug;
		};
		1003EC09278D7C0500172C84 /* Release */ = {
			isa = XCBuildConfiguration;
			baseConfigurationReference = 3328862811AAC1EF3AE9064B /* Pods-SpringRandomAnimate.release.xcconfig */;
			buildSettings = {
				ASSETCATALOG_COMPILER_APPICON_NAME = AppIcon;
				ASSETCATALOG_COMPILER_GLOBAL_ACCENT_COLOR_NAME = AccentColor;
				CODE_SIGN_STYLE = Automatic;
				CURRENT_PROJECT_VERSION = 1;
				DEVELOPMENT_TEAM = 69R52T495A;
				GENERATE_INFOPLIST_FILE = YES;
				INFOPLIST_FILE = SpringRandomAnimate/SupportFiles/Info.plist;
				INFOPLIST_KEY_UIApplicationSupportsIndirectInputEvents = YES;
				INFOPLIST_KEY_UILaunchStoryboardName = LaunchScreen;
				INFOPLIST_KEY_UIMainStoryboardFile = Main;
				INFOPLIST_KEY_UISupportedInterfaceOrientations = UIInterfaceOrientationPortrait;
				INFOPLIST_KEY_UISupportedInterfaceOrientations_iPad = "UIInterfaceOrientationPortrait UIInterfaceOrientationPortraitUpsideDown UIInterfaceOrientationLandscapeLeft UIInterfaceOrientationLandscapeRight";
				INFOPLIST_KEY_UISupportedInterfaceOrientations_iPhone = "UIInterfaceOrientationPortrait UIInterfaceOrientationLandscapeLeft UIInterfaceOrientationLandscapeRight";
				LD_RUNPATH_SEARCH_PATHS = (
					"$(inherited)",
					"@executable_path/Frameworks",
				);
				MARKETING_VERSION = 1.0;
				PRODUCT_BUNDLE_IDENTIFIER = "randomAnimate.bilarus-ilya.SpringRandomAnimate";
				PRODUCT_NAME = "$(TARGET_NAME)";
				SWIFT_EMIT_LOC_STRINGS = YES;
				SWIFT_VERSION = 5.0;
				TARGETED_DEVICE_FAMILY = "1,2";
			};
			name = Release;
		};
/* End XCBuildConfiguration section */

/* Begin XCConfigurationList section */
		1003EBEE278D7C0500172C84 /* Build configuration list for PBXProject "SpringRandomAnimate" */ = {
			isa = XCConfigurationList;
			buildConfigurations = (
				1003EC05278D7C0500172C84 /* Debug */,
				1003EC06278D7C0500172C84 /* Release */,
			);
			defaultConfigurationIsVisible = 0;
			defaultConfigurationName = Release;
		};
		1003EC07278D7C0500172C84 /* Build configuration list for PBXNativeTarget "SpringRandomAnimate" */ = {
			isa = XCConfigurationList;
			buildConfigurations = (
				1003EC08278D7C0500172C84 /* Debug */,
				1003EC09278D7C0500172C84 /* Release */,
			);
			defaultConfigurationIsVisible = 0;
			defaultConfigurationName = Release;
		};
/* End XCConfigurationList section */
	};
	rootObject = 1003EBEB278D7C0500172C84 /* Project object */;
}
